
Microsoft Visual Studio Solution File, Format Version 12.00
# Visual Studio 15
VisualStudioVersion = 15.0.28307.539
MinimumVisualStudioVersion = 10.0.40219.1
Project("{FAE04EC0-301F-11D3-BF4B-00C04F79EFBC}") = "WebApplication1", "WebApplication1\WebApplication1.csproj", "{2D4E6644-5C6C-4BC5-872C-21D223DBABEA}"
EndProject
Global
	GlobalSection(SolutionConfigurationPlatforms) = preSolution
		Debug|Any CPU = Debug|Any CPU
		Release|Any CPU = Release|Any CPU
	EndGlobalSection
	GlobalSection(ProjectConfigurationPlatforms) = postSolution
		{2D4E6644-5C6C-4BC5-872C-21D223DBABEA}.Debug|Any CPU.ActiveCfg = Debug|Any CPU
		{2D4E6644-5C6C-4BC5-872C-21D223DBABEA}.Debug|Any CPU.Build.0 = Debug|Any CPU
		{2D4E6644-5C6C-4BC5-872C-21D223DBABEA}.Release|Any CPU.ActiveCfg = Release|Any CPU
		{2D4E6644-5C6C-4BC5-872C-21D223DBABEA}.Release|Any CPU.Build.0 = Release|Any CPU
	EndGlobalSection
	GlobalSection(SolutionProperties) = preSolution
		HideSolutionNode = FALSE
	EndGlobalSection
	GlobalSection(ExtensibilityGlobals) = postSolution
		SolutionGuid = {DF61C953-A8D6-4E47-8ED1-BE647D04CBF0}
	EndGlobalSection
EndGlobal
